// !$*UTF8*$!
{
	archiveVersion = 1;
	classes = {
	};
	objectVersion = 55;
	objects = {

/* Begin PBXBuildFile section */
		A8492E9528C74D9F008AE888 /* BottomPicture.swift in Sources */ = {isa = PBXBuildFile; fileRef = A8492E9428C74D9F008AE888 /* BottomPicture.swift */; };
		A8A0EC4228C75DE70068B971 /* SignUp.swift in Sources */ = {isa = PBXBuildFile; fileRef = A8A0EC4128C75DE70068B971 /* SignUp.swift */; };
		A8A0EC4428C75E720068B971 /* TextFields.swift in Sources */ = {isa = PBXBuildFile; fileRef = A8A0EC4328C75E720068B971 /* TextFields.swift */; };
		A8A526902882B9F700E7B312 /* loginScreen.swift in Sources */ = {isa = PBXBuildFile; fileRef = A8A5268F2882B9F700E7B312 /* loginScreen.swift */; };
		A8C65A3228C6AF8500EC269F /* Colors.swift in Sources */ = {isa = PBXBuildFile; fileRef = A8C65A3128C6AF8500EC269F /* Colors.swift */; };
		A8C65A3428C73B5800EC269F /* LargeButton.swift in Sources */ = {isa = PBXBuildFile; fileRef = A8C65A3328C73B5800EC269F /* LargeButton.swift */; };
		A8D177EC287F55D700F64D10 /* adoptiApp.swift in Sources */ = {isa = PBXBuildFile; fileRef = A8D177EB287F55D700F64D10 /* adoptiApp.swift */; };
		A8D177EE287F55D700F64D10 /* ContentView.swift in Sources */ = {isa = PBXBuildFile; fileRef = A8D177ED287F55D700F64D10 /* ContentView.swift */; };
		A8D177F0287F55D900F64D10 /* Assets.xcassets in Resources */ = {isa = PBXBuildFile; fileRef = A8D177EF287F55D900F64D10 /* Assets.xcassets */; };
		A8D177F3287F55D900F64D10 /* Preview Assets.xcassets in Resources */ = {isa = PBXBuildFile; fileRef = A8D177F2287F55D900F64D10 /* Preview Assets.xcassets */; };
		A8D177F5287F55D900F64D10 /* Persistence.swift in Sources */ = {isa = PBXBuildFile; fileRef = A8D177F4287F55D900F64D10 /* Persistence.swift */; };
		A8D177F8287F55D900F64D10 /* adopti.xcdatamodeld in Sources */ = {isa = PBXBuildFile; fileRef = A8D177F6287F55D900F64D10 /* adopti.xcdatamodeld */; };
		A8D17802287F55D900F64D10 /* adoptiTests.swift in Sources */ = {isa = PBXBuildFile; fileRef = A8D17801287F55D900F64D10 /* adoptiTests.swift */; };
		A8D1780C287F55D900F64D10 /* adoptiUITests.swift in Sources */ = {isa = PBXBuildFile; fileRef = A8D1780B287F55D900F64D10 /* adoptiUITests.swift */; };
		A8D1780E287F55D900F64D10 /* adoptiUITestsLaunchTests.swift in Sources */ = {isa = PBXBuildFile; fileRef = A8D1780D287F55D900F64D10 /* adoptiUITestsLaunchTests.swift */; };
		A8D1781F287F681F00F64D10 /* onBoardingScreen.swift in Sources */ = {isa = PBXBuildFile; fileRef = A8D1781E287F681F00F64D10 /* onBoardingScreen.swift */; };
		A8D17835287F702900F64D10 /* Poppins-Light.ttf in Resources */ = {isa = PBXBuildFile; fileRef = A8D17823287F702900F64D10 /* Poppins-Light.ttf */; };
		A8D17836287F702900F64D10 /* Poppins-ThinItalic.ttf in Resources */ = {isa = PBXBuildFile; fileRef = A8D17824287F702900F64D10 /* Poppins-ThinItalic.ttf */; };
		A8D17837287F702900F64D10 /* Poppins-MediumItalic.ttf in Resources */ = {isa = PBXBuildFile; fileRef = A8D17825287F702900F64D10 /* Poppins-MediumItalic.ttf */; };
		A8D17838287F702900F64D10 /* Poppins-Black.ttf in Resources */ = {isa = PBXBuildFile; fileRef = A8D17826287F702900F64D10 /* Poppins-Black.ttf */; };
		A8D17839287F702900F64D10 /* Poppins-Thin.ttf in Resources */ = {isa = PBXBuildFile; fileRef = A8D17827287F702900F64D10 /* Poppins-Thin.ttf */; };
		A8D1783A287F702900F64D10 /* Poppins-SemiBold.ttf in Resources */ = {isa = PBXBuildFile; fileRef = A8D17828287F702900F64D10 /* Poppins-SemiBold.ttf */; };
		A8D1783B287F702900F64D10 /* Poppins-LightItalic.ttf in Resources */ = {isa = PBXBuildFile; fileRef = A8D17829287F702900F64D10 /* Poppins-LightItalic.ttf */; };
		A8D1783C287F702900F64D10 /* Poppins-ExtraLight.ttf in Resources */ = {isa = PBXBuildFile; fileRef = A8D1782A287F702900F64D10 /* Poppins-ExtraLight.ttf */; };
		A8D1783D287F702900F64D10 /* Poppins-ExtraLightItalic.ttf in Resources */ = {isa = PBXBuildFile; fileRef = A8D1782B287F702900F64D10 /* Poppins-ExtraLightItalic.ttf */; };
		A8D1783E287F702900F64D10 /* Poppins-ExtraBoldItalic.ttf in Resources */ = {isa = PBXBuildFile; fileRef = A8D1782C287F702900F64D10 /* Poppins-ExtraBoldItalic.ttf */; };
		A8D1783F287F702900F64D10 /* Poppins-BoldItalic.ttf in Resources */ = {isa = PBXBuildFile; fileRef = A8D1782D287F702900F64D10 /* Poppins-BoldItalic.ttf */; };
		A8D17840287F702900F64D10 /* Poppins-Medium.ttf in Resources */ = {isa = PBXBuildFile; fileRef = A8D1782E287F702900F64D10 /* Poppins-Medium.ttf */; };
		A8D17841287F702900F64D10 /* Poppins-Italic.ttf in Resources */ = {isa = PBXBuildFile; fileRef = A8D1782F287F702900F64D10 /* Poppins-Italic.ttf */; };
		A8D17842287F702900F64D10 /* Poppins-Regular.ttf in Resources */ = {isa = PBXBuildFile; fileRef = A8D17830287F702900F64D10 /* Poppins-Regular.ttf */; };
		A8D17843287F702900F64D10 /* Poppins-BlackItalic.ttf in Resources */ = {isa = PBXBuildFile; fileRef = A8D17831287F702900F64D10 /* Poppins-BlackItalic.ttf */; };
		A8D17844287F702900F64D10 /* Poppins-SemiBoldItalic.ttf in Resources */ = {isa = PBXBuildFile; fileRef = A8D17832287F702900F64D10 /* Poppins-SemiBoldItalic.ttf */; };
		A8D17845287F702900F64D10 /* Poppins-ExtraBold.ttf in Resources */ = {isa = PBXBuildFile; fileRef = A8D17833287F702900F64D10 /* Poppins-ExtraBold.ttf */; };
		A8D17846287F702900F64D10 /* Poppins-Bold.ttf in Resources */ = {isa = PBXBuildFile; fileRef = A8D17834287F702900F64D10 /* Poppins-Bold.ttf */; };
/* End PBXBuildFile section */

/* Begin PBXContainerItemProxy section */
		A8D177FE287F55D900F64D10 /* PBXContainerItemProxy */ = {
			isa = PBXContainerItemProxy;
			containerPortal = A8D177E0287F55D700F64D10 /* Project object */;
			proxyType = 1;
			remoteGlobalIDString = A8D177E7287F55D700F64D10;
			remoteInfo = adopti;
		};
		A8D17808287F55D900F64D10 /* PBXContainerItemProxy */ = {
			isa = PBXContainerItemProxy;
			containerPortal = A8D177E0287F55D700F64D10 /* Project object */;
			proxyType = 1;
			remoteGlobalIDString = A8D177E7287F55D700F64D10;
			remoteInfo = adopti;
		};
/* End PBXContainerItemProxy section */

/* Begin PBXFileReference section */
		A8492E9428C74D9F008AE888 /* BottomPicture.swift */ = {isa = PBXFileReference; lastKnownFileType = sourcecode.swift; path = BottomPicture.swift; sourceTree = "<group>"; };
		A8A0EC4128C75DE70068B971 /* SignUp.swift */ = {isa = PBXFileReference; lastKnownFileType = sourcecode.swift; path = SignUp.swift; sourceTree = "<group>"; };
		A8A0EC4328C75E720068B971 /* TextFields.swift */ = {isa = PBXFileReference; lastKnownFileType = sourcecode.swift; path = TextFields.swift; sourceTree = "<group>"; };
		A8A5268F2882B9F700E7B312 /* loginScreen.swift */ = {isa = PBXFileReference; lastKnownFileType = sourcecode.swift; path = loginScreen.swift; sourceTree = "<group>"; };
		A8C65A3128C6AF8500EC269F /* Colors.swift */ = {isa = PBXFileReference; lastKnownFileType = sourcecode.swift; path = Colors.swift; sourceTree = "<group>"; };
		A8C65A3328C73B5800EC269F /* LargeButton.swift */ = {isa = PBXFileReference; lastKnownFileType = sourcecode.swift; path = LargeButton.swift; sourceTree = "<group>"; };
		A8D177E8287F55D700F64D10 /* adopti.app */ = {isa = PBXFileReference; explicitFileType = wrapper.application; includeInIndex = 0; path = adopti.app; sourceTree = BUILT_PRODUCTS_DIR; };
		A8D177EB287F55D700F64D10 /* adoptiApp.swift */ = {isa = PBXFileReference; lastKnownFileType = sourcecode.swift; path = adoptiApp.swift; sourceTree = "<group>"; };
		A8D177ED287F55D700F64D10 /* ContentView.swift */ = {isa = PBXFileReference; lastKnownFileType = sourcecode.swift; path = ContentView.swift; sourceTree = "<group>"; };
		A8D177EF287F55D900F64D10 /* Assets.xcassets */ = {isa = PBXFileReference; lastKnownFileType = folder.assetcatalog; path = Assets.xcassets; sourceTree = "<group>"; };
		A8D177F2287F55D900F64D10 /* Preview Assets.xcassets */ = {isa = PBXFileReference; lastKnownFileType = folder.assetcatalog; path = "Preview Assets.xcassets"; sourceTree = "<group>"; };
		A8D177F4287F55D900F64D10 /* Persistence.swift */ = {isa = PBXFileReference; lastKnownFileType = sourcecode.swift; path = Persistence.swift; sourceTree = "<group>"; };
		A8D177F7287F55D900F64D10 /* adopti.xcdatamodel */ = {isa = PBXFileReference; lastKnownFileType = wrapper.xcdatamodel; path = adopti.xcdatamodel; sourceTree = "<group>"; };
		A8D177FD287F55D900F64D10 /* adoptiTests.xctest */ = {isa = PBXFileReference; explicitFileType = wrapper.cfbundle; includeInIndex = 0; path = adoptiTests.xctest; sourceTree = BUILT_PRODUCTS_DIR; };
		A8D17801287F55D900F64D10 /* adoptiTests.swift */ = {isa = PBXFileReference; lastKnownFileType = sourcecode.swift; path = adoptiTests.swift; sourceTree = "<group>"; };
		A8D17807287F55D900F64D10 /* adoptiUITests.xctest */ = {isa = PBXFileReference; explicitFileType = wrapper.cfbundle; includeInIndex = 0; path = adoptiUITests.xctest; sourceTree = BUILT_PRODUCTS_DIR; };
		A8D1780B287F55D900F64D10 /* adoptiUITests.swift */ = {isa = PBXFileReference; lastKnownFileType = sourcecode.swift; path = adoptiUITests.swift; sourceTree = "<group>"; };
		A8D1780D287F55D900F64D10 /* adoptiUITestsLaunchTests.swift */ = {isa = PBXFileReference; lastKnownFileType = sourcecode.swift; path = adoptiUITestsLaunchTests.swift; sourceTree = "<group>"; };
		A8D1781E287F681F00F64D10 /* onBoardingScreen.swift */ = {isa = PBXFileReference; lastKnownFileType = sourcecode.swift; path = onBoardingScreen.swift; sourceTree = "<group>"; };
		A8D17823287F702900F64D10 /* Poppins-Light.ttf */ = {isa = PBXFileReference; lastKnownFileType = file; name = "Poppins-Light.ttf"; path = "../../../../Downloads/Lato,Poppins/Poppins/Poppins-Light.ttf"; sourceTree = "<group>"; };
		A8D17824287F702900F64D10 /* Poppins-ThinItalic.ttf */ = {isa = PBXFileReference; lastKnownFileType = file; name = "Poppins-ThinItalic.ttf"; path = "../../../../Downloads/Lato,Poppins/Poppins/Poppins-ThinItalic.ttf"; sourceTree = "<group>"; };
		A8D17825287F702900F64D10 /* Poppins-MediumItalic.ttf */ = {isa = PBXFileReference; lastKnownFileType = file; name = "Poppins-MediumItalic.ttf"; path = "../../../../Downloads/Lato,Poppins/Poppins/Poppins-MediumItalic.ttf"; sourceTree = "<group>"; };
		A8D17826287F702900F64D10 /* Poppins-Black.ttf */ = {isa = PBXFileReference; lastKnownFileType = file; name = "Poppins-Black.ttf"; path = "../../../../Downloads/Lato,Poppins/Poppins/Poppins-Black.ttf"; sourceTree = "<group>"; };
		A8D17827287F702900F64D10 /* Poppins-Thin.ttf */ = {isa = PBXFileReference; lastKnownFileType = file; name = "Poppins-Thin.ttf"; path = "../../../../Downloads/Lato,Poppins/Poppins/Poppins-Thin.ttf"; sourceTree = "<group>"; };
		A8D17828287F702900F64D10 /* Poppins-SemiBold.ttf */ = {isa = PBXFileReference; lastKnownFileType = file; name = "Poppins-SemiBold.ttf"; path = "../../../../Downloads/Lato,Poppins/Poppins/Poppins-SemiBold.ttf"; sourceTree = "<group>"; };
		A8D17829287F702900F64D10 /* Poppins-LightItalic.ttf */ = {isa = PBXFileReference; lastKnownFileType = file; name = "Poppins-LightItalic.ttf"; path = "../../../../Downloads/Lato,Poppins/Poppins/Poppins-LightItalic.ttf"; sourceTree = "<group>"; };
		A8D1782A287F702900F64D10 /* Poppins-ExtraLight.ttf */ = {isa = PBXFileReference; lastKnownFileType = file; name = "Poppins-ExtraLight.ttf"; path = "../../../../Downloads/Lato,Poppins/Poppins/Poppins-ExtraLight.ttf"; sourceTree = "<group>"; };
		A8D1782B287F702900F64D10 /* Poppins-ExtraLightItalic.ttf */ = {isa = PBXFileReference; lastKnownFileType = file; name = "Poppins-ExtraLightItalic.ttf"; path = "../../../../Downloads/Lato,Poppins/Poppins/Poppins-ExtraLightItalic.ttf"; sourceTree = "<group>"; };
		A8D1782C287F702900F64D10 /* Poppins-ExtraBoldItalic.ttf */ = {isa = PBXFileReference; lastKnownFileType = file; name = "Poppins-ExtraBoldItalic.ttf"; path = "../../../../Downloads/Lato,Poppins/Poppins/Poppins-ExtraBoldItalic.ttf"; sourceTree = "<group>"; };
		A8D1782D287F702900F64D10 /* Poppins-BoldItalic.ttf */ = {isa = PBXFileReference; lastKnownFileType = file; name = "Poppins-BoldItalic.ttf"; path = "../../../../Downloads/Lato,Poppins/Poppins/Poppins-BoldItalic.ttf"; sourceTree = "<group>"; };
		A8D1782E287F702900F64D10 /* Poppins-Medium.ttf */ = {isa = PBXFileReference; lastKnownFileType = file; name = "Poppins-Medium.ttf"; path = "../../../../Downloads/Lato,Poppins/Poppins/Poppins-Medium.ttf"; sourceTree = "<group>"; };
		A8D1782F287F702900F64D10 /* Poppins-Italic.ttf */ = {isa = PBXFileReference; lastKnownFileType = file; name = "Poppins-Italic.ttf"; path = "../../../../Downloads/Lato,Poppins/Poppins/Poppins-Italic.ttf"; sourceTree = "<group>"; };
		A8D17830287F702900F64D10 /* Poppins-Regular.ttf */ = {isa = PBXFileReference; lastKnownFileType = file; name = "Poppins-Regular.ttf"; path = "../../../../Downloads/Lato,Poppins/Poppins/Poppins-Regular.ttf"; sourceTree = "<group>"; };
		A8D17831287F702900F64D10 /* Poppins-BlackItalic.ttf */ = {isa = PBXFileReference; lastKnownFileType = file; name = "Poppins-BlackItalic.ttf"; path = "../../../../Downloads/Lato,Poppins/Poppins/Poppins-BlackItalic.ttf"; sourceTree = "<group>"; };
		A8D17832287F702900F64D10 /* Poppins-SemiBoldItalic.ttf */ = {isa = PBXFileReference; lastKnownFileType = file; name = "Poppins-SemiBoldItalic.ttf"; path = "../../../../Downloads/Lato,Poppins/Poppins/Poppins-SemiBoldItalic.ttf"; sourceTree = "<group>"; };
		A8D17833287F702900F64D10 /* Poppins-ExtraBold.ttf */ = {isa = PBXFileReference; lastKnownFileType = file; name = "Poppins-ExtraBold.ttf"; path = "../../../../Downloads/Lato,Poppins/Poppins/Poppins-ExtraBold.ttf"; sourceTree = "<group>"; };
		A8D17834287F702900F64D10 /* Poppins-Bold.ttf */ = {isa = PBXFileReference; lastKnownFileType = file; name = "Poppins-Bold.ttf"; path = "../../../../Downloads/Lato,Poppins/Poppins/Poppins-Bold.ttf"; sourceTree = "<group>"; };
		A8D17847287F703700F64D10 /* Info.plist */ = {isa = PBXFileReference; lastKnownFileType = text.plist; path = Info.plist; sourceTree = "<group>"; };
/* End PBXFileReference section */

/* Begin PBXFrameworksBuildPhase section */
		A8D177E5287F55D700F64D10 /* Frameworks */ = {
			isa = PBXFrameworksBuildPhase;
			buildActionMask = 2147483647;
			files = (
			);
			runOnlyForDeploymentPostprocessing = 0;
		};
		A8D177FA287F55D900F64D10 /* Frameworks */ = {
			isa = PBXFrameworksBuildPhase;
			buildActionMask = 2147483647;
			files = (
			);
			runOnlyForDeploymentPostprocessing = 0;
		};
		A8D17804287F55D900F64D10 /* Frameworks */ = {
			isa = PBXFrameworksBuildPhase;
			buildActionMask = 2147483647;
			files = (
			);
			runOnlyForDeploymentPostprocessing = 0;
		};
/* End PBXFrameworksBuildPhase section */

/* Begin PBXGroup section */
		A8492E9328C74D88008AE888 /* widgets */ = {
			isa = PBXGroup;
			children = (
				A8492E9428C74D9F008AE888 /* BottomPicture.swift */,
				A8A0EC4328C75E720068B971 /* TextFields.swift */,
			);
			path = widgets;
			sourceTree = "<group>";
		};
		A8A5268E2882B9E800E7B312 /* auth */ = {
			isa = PBXGroup;
			children = (
				A8A5268F2882B9F700E7B312 /* loginScreen.swift */,
				A8A0EC4128C75DE70068B971 /* SignUp.swift */,
			);
			path = auth;
			sourceTree = "<group>";
		};
		A8C65A3028C6AF7700EC269F /* constants */ = {
			isa = PBXGroup;
			children = (
				A8C65A3128C6AF8500EC269F /* Colors.swift */,
			);
			path = constants;
			sourceTree = "<group>";
		};
		A8D177DF287F55D700F64D10 = {
			isa = PBXGroup;
			children = (
				A8D177EA287F55D700F64D10 /* adopti */,
				A8D17800287F55D900F64D10 /* adoptiTests */,
				A8D1780A287F55D900F64D10 /* adoptiUITests */,
				A8D177E9287F55D700F64D10 /* Products */,
			);
			sourceTree = "<group>";
		};
		A8D177E9287F55D700F64D10 /* Products */ = {
			isa = PBXGroup;
			children = (
				A8D177E8287F55D700F64D10 /* adopti.app */,
				A8D177FD287F55D900F64D10 /* adoptiTests.xctest */,
				A8D17807287F55D900F64D10 /* adoptiUITests.xctest */,
			);
			name = Products;
			sourceTree = "<group>";
		};
		A8D177EA287F55D700F64D10 /* adopti */ = {
			isa = PBXGroup;
			children = (
				A8C65A3028C6AF7700EC269F /* constants */,
				A8D17847287F703700F64D10 /* Info.plist */,
				A8D17820287F6FE900F64D10 /* fonts */,
				A8D1781B287F67B900F64D10 /* Views */,
				A8D1781A287F67AD00F64D10 /* Entities */,
				A8D177EB287F55D700F64D10 /* adoptiApp.swift */,
				A8D177ED287F55D700F64D10 /* ContentView.swift */,
				A8D177EF287F55D900F64D10 /* Assets.xcassets */,
				A8D177F4287F55D900F64D10 /* Persistence.swift */,
				A8D177F6287F55D900F64D10 /* adopti.xcdatamodeld */,
				A8D177F1287F55D900F64D10 /* Preview Content */,
			);
			path = adopti;
			sourceTree = "<group>";
		};
		A8D177F1287F55D900F64D10 /* Preview Content */ = {
			isa = PBXGroup;
			children = (
				A8D177F2287F55D900F64D10 /* Preview Assets.xcassets */,
			);
			path = "Preview Content";
			sourceTree = "<group>";
		};
		A8D17800287F55D900F64D10 /* adoptiTests */ = {
			isa = PBXGroup;
			children = (
				A8D17801287F55D900F64D10 /* adoptiTests.swift */,
			);
			path = adoptiTests;
			sourceTree = "<group>";
		};
		A8D1780A287F55D900F64D10 /* adoptiUITests */ = {
			isa = PBXGroup;
			children = (
				A8D1780B287F55D900F64D10 /* adoptiUITests.swift */,
				A8D1780D287F55D900F64D10 /* adoptiUITestsLaunchTests.swift */,
			);
			path = adoptiUITests;
			sourceTree = "<group>";
		};
		A8D1781A287F67AD00F64D10 /* Entities */ = {
			isa = PBXGroup;
			children = (
			);
			path = Entities;
			sourceTree = "<group>";
		};
		A8D1781B287F67B900F64D10 /* Views */ = {
			isa = PBXGroup;
			children = (
				A8492E9328C74D88008AE888 /* widgets */,
				A8A5268E2882B9E800E7B312 /* auth */,
				A8D1781E287F681F00F64D10 /* onBoardingScreen.swift */,
				A8C65A3328C73B5800EC269F /* LargeButton.swift */,
			);
			path = Views;
			sourceTree = "<group>";
		};
		A8D17820287F6FE900F64D10 /* fonts */ = {
			isa = PBXGroup;
			children = (
				A8D17826287F702900F64D10 /* Poppins-Black.ttf */,
				A8D17831287F702900F64D10 /* Poppins-BlackItalic.ttf */,
				A8D17834287F702900F64D10 /* Poppins-Bold.ttf */,
				A8D1782D287F702900F64D10 /* Poppins-BoldItalic.ttf */,
				A8D17833287F702900F64D10 /* Poppins-ExtraBold.ttf */,
				A8D1782C287F702900F64D10 /* Poppins-ExtraBoldItalic.ttf */,
				A8D1782A287F702900F64D10 /* Poppins-ExtraLight.ttf */,
				A8D1782B287F702900F64D10 /* Poppins-ExtraLightItalic.ttf */,
				A8D1782F287F702900F64D10 /* Poppins-Italic.ttf */,
				A8D17823287F702900F64D10 /* Poppins-Light.ttf */,
				A8D17829287F702900F64D10 /* Poppins-LightItalic.ttf */,
				A8D1782E287F702900F64D10 /* Poppins-Medium.ttf */,
				A8D17825287F702900F64D10 /* Poppins-MediumItalic.ttf */,
				A8D17830287F702900F64D10 /* Poppins-Regular.ttf */,
				A8D17828287F702900F64D10 /* Poppins-SemiBold.ttf */,
				A8D17832287F702900F64D10 /* Poppins-SemiBoldItalic.ttf */,
				A8D17827287F702900F64D10 /* Poppins-Thin.ttf */,
				A8D17824287F702900F64D10 /* Poppins-ThinItalic.ttf */,
			);
			path = fonts;
			sourceTree = "<group>";
		};
/* End PBXGroup section */

/* Begin PBXNativeTarget section */
		A8D177E7287F55D700F64D10 /* adopti */ = {
			isa = PBXNativeTarget;
			buildConfigurationList = A8D17811287F55D900F64D10 /* Build configuration list for PBXNativeTarget "adopti" */;
			buildPhases = (
				A8D177E4287F55D700F64D10 /* Sources */,
				A8D177E5287F55D700F64D10 /* Frameworks */,
				A8D177E6287F55D700F64D10 /* Resources */,
			);
			buildRules = (
			);
			dependencies = (
			);
			name = adopti;
			productName = adopti;
			productReference = A8D177E8287F55D700F64D10 /* adopti.app */;
			productType = "com.apple.product-type.application";
		};
		A8D177FC287F55D900F64D10 /* adoptiTests */ = {
			isa = PBXNativeTarget;
			buildConfigurationList = A8D17814287F55D900F64D10 /* Build configuration list for PBXNativeTarget "adoptiTests" */;
			buildPhases = (
				A8D177F9287F55D900F64D10 /* Sources */,
				A8D177FA287F55D900F64D10 /* Frameworks */,
				A8D177FB287F55D900F64D10 /* Resources */,
			);
			buildRules = (
			);
			dependencies = (
				A8D177FF287F55D900F64D10 /* PBXTargetDependency */,
			);
			name = adoptiTests;
			productName = adoptiTests;
			productReference = A8D177FD287F55D900F64D10 /* adoptiTests.xctest */;
			productType = "com.apple.product-type.bundle.unit-test";
		};
		A8D17806287F55D900F64D10 /* adoptiUITests */ = {
			isa = PBXNativeTarget;
			buildConfigurationList = A8D17817287F55D900F64D10 /* Build configuration list for PBXNativeTarget "adoptiUITests" */;
			buildPhases = (
				A8D17803287F55D900F64D10 /* Sources */,
				A8D17804287F55D900F64D10 /* Frameworks */,
				A8D17805287F55D900F64D10 /* Resources */,
			);
			buildRules = (
			);
			dependencies = (
				A8D17809287F55D900F64D10 /* PBXTargetDependency */,
			);
			name = adoptiUITests;
			productName = adoptiUITests;
			productReference = A8D17807287F55D900F64D10 /* adoptiUITests.xctest */;
			productType = "com.apple.product-type.bundle.ui-testing";
		};
/* End PBXNativeTarget section */

/* Begin PBXProject section */
		A8D177E0287F55D700F64D10 /* Project object */ = {
			isa = PBXProject;
			attributes = {
				BuildIndependentTargetsInParallel = 1;
				LastSwiftUpdateCheck = 1340;
				LastUpgradeCheck = 1340;
				TargetAttributes = {
					A8D177E7287F55D700F64D10 = {
						CreatedOnToolsVersion = 13.4.1;
					};
					A8D177FC287F55D900F64D10 = {
						CreatedOnToolsVersion = 13.4.1;
						TestTargetID = A8D177E7287F55D700F64D10;
					};
					A8D17806287F55D900F64D10 = {
						CreatedOnToolsVersion = 13.4.1;
						TestTargetID = A8D177E7287F55D700F64D10;
					};
				};
			};
			buildConfigurationList = A8D177E3287F55D700F64D10 /* Build configuration list for PBXProject "adopti" */;
			compatibilityVersion = "Xcode 13.0";
			developmentRegion = en;
			hasScannedForEncodings = 0;
			knownRegions = (
				en,
				Base,
			);
			mainGroup = A8D177DF287F55D700F64D10;
			productRefGroup = A8D177E9287F55D700F64D10 /* Products */;
			projectDirPath = "";
			projectRoot = "";
			targets = (
				A8D177E7287F55D700F64D10 /* adopti */,
				A8D177FC287F55D900F64D10 /* adoptiTests */,
				A8D17806287F55D900F64D10 /* adoptiUITests */,
			);
		};
/* End PBXProject section */

/* Begin PBXResourcesBuildPhase section */
		A8D177E6287F55D700F64D10 /* Resources */ = {
			isa = PBXResourcesBuildPhase;
			buildActionMask = 2147483647;
			files = (
				A8D1783E287F702900F64D10 /* Poppins-ExtraBoldItalic.ttf in Resources */,
				A8D17840287F702900F64D10 /* Poppins-Medium.ttf in Resources */,
				A8D1783C287F702900F64D10 /* Poppins-ExtraLight.ttf in Resources */,
				A8D17843287F702900F64D10 /* Poppins-BlackItalic.ttf in Resources */,
				A8D17841287F702900F64D10 /* Poppins-Italic.ttf in Resources */,
				A8D17844287F702900F64D10 /* Poppins-SemiBoldItalic.ttf in Resources */,
				A8D1783F287F702900F64D10 /* Poppins-BoldItalic.ttf in Resources */,
				A8D17846287F702900F64D10 /* Poppins-Bold.ttf in Resources */,
				A8D17838287F702900F64D10 /* Poppins-Black.ttf in Resources */,
				A8D17839287F702900F64D10 /* Poppins-Thin.ttf in Resources */,
				A8D17842287F702900F64D10 /* Poppins-Regular.ttf in Resources */,
				A8D177F3287F55D900F64D10 /* Preview Assets.xcassets in Resources */,
				A8D17845287F702900F64D10 /* Poppins-ExtraBold.ttf in Resources */,
				A8D17836287F702900F64D10 /* Poppins-ThinItalic.ttf in Resources */,
				A8D17835287F702900F64D10 /* Poppins-Light.ttf in Resources */,
				A8D1783D287F702900F64D10 /* Poppins-ExtraLightItalic.ttf in Resources */,
				A8D1783A287F702900F64D10 /* Poppins-SemiBold.ttf in Resources */,
				A8D177F0287F55D900F64D10 /* Assets.xcassets in Resources */,
				A8D1783B287F702900F64D10 /* Poppins-LightItalic.ttf in Resources */,
				A8D17837287F702900F64D10 /* Poppins-MediumItalic.ttf in Resources */,
			);
			runOnlyForDeploymentPostprocessing = 0;
		};
		A8D177FB287F55D900F64D10 /* Resources */ = {
			isa = PBXResourcesBuildPhase;
			buildActionMask = 2147483647;
			files = (
			);
			runOnlyForDeploymentPostprocessing = 0;
		};
		A8D17805287F55D900F64D10 /* Resources */ = {
			isa = PBXResourcesBuildPhase;
			buildActionMask = 2147483647;
			files = (
			);
			runOnlyForDeploymentPostprocessing = 0;
		};
/* End PBXResourcesBuildPhase section */

/* Begin PBXSourcesBuildPhase section */
		A8D177E4287F55D700F64D10 /* Sources */ = {
			isa = PBXSourcesBuildPhase;
			buildActionMask = 2147483647;
			files = (
				A8D177F8287F55D900F64D10 /* adopti.xcdatamodeld in Sources */,
				A8492E9528C74D9F008AE888 /* BottomPicture.swift in Sources */,
				A8D177F5287F55D900F64D10 /* Persistence.swift in Sources */,
				A8D177EE287F55D700F64D10 /* ContentView.swift in Sources */,
				A8C65A3428C73B5800EC269F /* LargeButton.swift in Sources */,
				A8A0EC4428C75E720068B971 /* TextFields.swift in Sources */,
				A8C65A3228C6AF8500EC269F /* Colors.swift in Sources */,
				A8A526902882B9F700E7B312 /* loginScreen.swift in Sources */,
				A8D1781F287F681F00F64D10 /* onBoardingScreen.swift in Sources */,
				A8D177EC287F55D700F64D10 /* adoptiApp.swift in Sources */,
				A8A0EC4228C75DE70068B971 /* SignUp.swift in Sources */,
			);
			runOnlyForDeploymentPostprocessing = 0;
		};
		A8D177F9287F55D900F64D10 /* Sources */ = {
			isa = PBXSourcesBuildPhase;
			buildActionMask = 2147483647;
			files = (
				A8D17802287F55D900F64D10 /* adoptiTests.swift in Sources */,
			);
			runOnlyForDeploymentPostprocessing = 0;
		};
		A8D17803287F55D900F64D10 /* Sources */ = {
			isa = PBXSourcesBuildPhase;
			buildActionMask = 2147483647;
			files = (
				A8D1780C287F55D900F64D10 /* adoptiUITests.swift in Sources */,
				A8D1780E287F55D900F64D10 /* adoptiUITestsLaunchTests.swift in Sources */,
			);
			runOnlyForDeploymentPostprocessing = 0;
		};
/* End PBXSourcesBuildPhase section */

/* Begin PBXTargetDependency section */
		A8D177FF287F55D900F64D10 /* PBXTargetDependency */ = {
			isa = PBXTargetDependency;
			target = A8D177E7287F55D700F64D10 /* adopti */;
			targetProxy = A8D177FE287F55D900F64D10 /* PBXContainerItemProxy */;
		};
		A8D17809287F55D900F64D10 /* PBXTargetDependency */ = {
			isa = PBXTargetDependency;
			target = A8D177E7287F55D700F64D10 /* adopti */;
			targetProxy = A8D17808287F55D900F64D10 /* PBXContainerItemProxy */;
		};
/* End PBXTargetDependency section */

/* Begin XCBuildConfiguration section */
		A8D1780F287F55D900F64D10 /* Debug */ = {
			isa = XCBuildConfiguration;
			buildSettings = {
				ALWAYS_SEARCH_USER_PATHS = NO;
				CLANG_ANALYZER_NONNULL = YES;
				CLANG_ANALYZER_NUMBER_OBJECT_CONVERSION = YES_AGGRESSIVE;
				CLANG_CXX_LANGUAGE_STANDARD = "gnu++17";
				CLANG_ENABLE_MODULES = YES;
				CLANG_ENABLE_OBJC_ARC = YES;
				CLANG_ENABLE_OBJC_WEAK = YES;
				CLANG_WARN_BLOCK_CAPTURE_AUTORELEASING = YES;
				CLANG_WARN_BOOL_CONVERSION = YES;
				CLANG_WARN_COMMA = YES;
				CLANG_WARN_CONSTANT_CONVERSION = YES;
				CLANG_WARN_DEPRECATED_OBJC_IMPLEMENTATIONS = YES;
				CLANG_WARN_DIRECT_OBJC_ISA_USAGE = YES_ERROR;
				CLANG_WARN_DOCUMENTATION_COMMENTS = YES;
				CLANG_WARN_EMPTY_BODY = YES;
				CLANG_WARN_ENUM_CONVERSION = YES;
				CLANG_WARN_INFINITE_RECURSION = YES;
				CLANG_WARN_INT_CONVERSION = YES;
				CLANG_WARN_NON_LITERAL_NULL_CONVERSION = YES;
				CLANG_WARN_OBJC_IMPLICIT_RETAIN_SELF = YES;
				CLANG_WARN_OBJC_LITERAL_CONVERSION = YES;
				CLANG_WARN_OBJC_ROOT_CLASS = YES_ERROR;
				CLANG_WARN_QUOTED_INCLUDE_IN_FRAMEWORK_HEADER = YES;
				CLANG_WARN_RANGE_LOOP_ANALYSIS = YES;
				CLANG_WARN_STRICT_PROTOTYPES = YES;
				CLANG_WARN_SUSPICIOUS_MOVE = YES;
				CLANG_WARN_UNGUARDED_AVAILABILITY = YES_AGGRESSIVE;
				CLANG_WARN_UNREACHABLE_CODE = YES;
				CLANG_WARN__DUPLICATE_METHOD_MATCH = YES;
				COPY_PHASE_STRIP = NO;
				DEBUG_INFORMATION_FORMAT = dwarf;
				ENABLE_STRICT_OBJC_MSGSEND = YES;
				ENABLE_TESTABILITY = YES;
				GCC_C_LANGUAGE_STANDARD = gnu11;
				GCC_DYNAMIC_NO_PIC = NO;
				GCC_NO_COMMON_BLOCKS = YES;
				GCC_OPTIMIZATION_LEVEL = 0;
				GCC_PREPROCESSOR_DEFINITIONS = (
					"DEBUG=1",
					"$(inherited)",
				);
				GCC_WARN_64_TO_32_BIT_CONVERSION = YES;
				GCC_WARN_ABOUT_RETURN_TYPE = YES_ERROR;
				GCC_WARN_UNDECLARED_SELECTOR = YES;
				GCC_WARN_UNINITIALIZED_AUTOS = YES_AGGRESSIVE;
				GCC_WARN_UNUSED_FUNCTION = YES;
				GCC_WARN_UNUSED_VARIABLE = YES;
				IPHONEOS_DEPLOYMENT_TARGET = 15.5;
				MTL_ENABLE_DEBUG_INFO = INCLUDE_SOURCE;
				MTL_FAST_MATH = YES;
				ONLY_ACTIVE_ARCH = YES;
				SDKROOT = iphoneos;
				SWIFT_ACTIVE_COMPILATION_CONDITIONS = DEBUG;
				SWIFT_OPTIMIZATION_LEVEL = "-Onone";
			};
			name = Debug;
		};
		A8D17810287F55D900F64D10 /* Release */ = {
			isa = XCBuildConfiguration;
			buildSettings = {
				ALWAYS_SEARCH_USER_PATHS = NO;
				CLANG_ANALYZER_NONNULL = YES;
				CLANG_ANALYZER_NUMBER_OBJECT_CONVERSION = YES_AGGRESSIVE;
				CLANG_CXX_LANGUAGE_STANDARD = "gnu++17";
				CLANG_ENABLE_MODULES = YES;
				CLANG_ENABLE_OBJC_ARC = YES;
				CLANG_ENABLE_OBJC_WEAK = YES;
				CLANG_WARN_BLOCK_CAPTURE_AUTORELEASING = YES;
				CLANG_WARN_BOOL_CONVERSION = YES;
				CLANG_WARN_COMMA = YES;
				CLANG_WARN_CONSTANT_CONVERSION = YES;
				CLANG_WARN_DEPRECATED_OBJC_IMPLEMENTATIONS = YES;
				CLANG_WARN_DIRECT_OBJC_ISA_USAGE = YES_ERROR;
				CLANG_WARN_DOCUMENTATION_COMMENTS = YES;
				CLANG_WARN_EMPTY_BODY = YES;
				CLANG_WARN_ENUM_CONVERSION = YES;
				CLANG_WARN_INFINITE_RECURSION = YES;
				CLANG_WARN_INT_CONVERSION = YES;
				CLANG_WARN_NON_LITERAL_NULL_CONVERSION = YES;
				CLANG_WARN_OBJC_IMPLICIT_RETAIN_SELF = YES;
				CLANG_WARN_OBJC_LITERAL_CONVERSION = YES;
				CLANG_WARN_OBJC_ROOT_CLASS = YES_ERROR;
				CLANG_WARN_QUOTED_INCLUDE_IN_FRAMEWORK_HEADER = YES;
				CLANG_WARN_RANGE_LOOP_ANALYSIS = YES;
				CLANG_WARN_STRICT_PROTOTYPES = YES;
				CLANG_WARN_SUSPICIOUS_MOVE = YES;
				CLANG_WARN_UNGUARDED_AVAILABILITY = YES_AGGRESSIVE;
				CLANG_WARN_UNREACHABLE_CODE = YES;
				CLANG_WARN__DUPLICATE_METHOD_MATCH = YES;
				COPY_PHASE_STRIP = NO;
				DEBUG_INFORMATION_FORMAT = "dwarf-with-dsym";
				ENABLE_NS_ASSERTIONS = NO;
				ENABLE_STRICT_OBJC_MSGSEND = YES;
				GCC_C_LANGUAGE_STANDARD = gnu11;
				GCC_NO_COMMON_BLOCKS = YES;
				GCC_WARN_64_TO_32_BIT_CONVERSION = YES;
				GCC_WARN_ABOUT_RETURN_TYPE = YES_ERROR;
				GCC_WARN_UNDECLARED_SELECTOR = YES;
				GCC_WARN_UNINITIALIZED_AUTOS = YES_AGGRESSIVE;
				GCC_WARN_UNUSED_FUNCTION = YES;
				GCC_WARN_UNUSED_VARIABLE = YES;
				IPHONEOS_DEPLOYMENT_TARGET = 15.5;
				MTL_ENABLE_DEBUG_INFO = NO;
				MTL_FAST_MATH = YES;
				SDKROOT = iphoneos;
				SWIFT_COMPILATION_MODE = wholemodule;
				SWIFT_OPTIMIZATION_LEVEL = "-O";
				VALIDATE_PRODUCT = YES;
			};
			name = Release;
		};
		A8D17812287F55D900F64D10 /* Debug */ = {
			isa = XCBuildConfiguration;
			buildSettings = {
				ASSETCATALOG_COMPILER_APPICON_NAME = AppIcon;
				ASSETCATALOG_COMPILER_GLOBAL_ACCENT_COLOR_NAME = AccentColor;
				CODE_SIGN_STYLE = Automatic;
				CURRENT_PROJECT_VERSION = 1;
				DEVELOPMENT_ASSET_PATHS = "\"adopti/Preview Content\"";
				DEVELOPMENT_TEAM = 9F55972V7L;
				ENABLE_PREVIEWS = YES;
				GENERATE_INFOPLIST_FILE = YES;
				INFOPLIST_FILE = adopti/Info.plist;
				INFOPLIST_KEY_UIApplicationSceneManifest_Generation = YES;
				INFOPLIST_KEY_UIApplicationSupportsIndirectInputEvents = YES;
				INFOPLIST_KEY_UILaunchScreen_Generation = YES;
				INFOPLIST_KEY_UISupportedInterfaceOrientations_iPad = "UIInterfaceOrientationPortrait UIInterfaceOrientationPortraitUpsideDown UIInterfaceOrientationLandscapeLeft UIInterfaceOrientationLandscapeRight";
				INFOPLIST_KEY_UISupportedInterfaceOrientations_iPhone = "UIInterfaceOrientationPortrait UIInterfaceOrientationLandscapeLeft UIInterfaceOrientationLandscapeRight";
				LD_RUNPATH_SEARCH_PATHS = (
					"$(inherited)",
					"@executable_path/Frameworks",
				);
				MARKETING_VERSION = 1.0;
				PRODUCT_BUNDLE_IDENTIFIER = co..adopti;
				PRODUCT_NAME = "$(TARGET_NAME)";
				SWIFT_EMIT_LOC_STRINGS = YES;
				SWIFT_VERSION = 5.0;
				TARGETED_DEVICE_FAMILY = "1,2";
			};
			name = Debug;
		};
		A8D17813287F55D900F64D10 /* Release */ = {
			isa = XCBuildConfiguration;
			buildSettings = {
				ASSETCATALOG_COMPILER_APPICON_NAME = AppIcon;
				ASSETCATALOG_COMPILER_GLOBAL_ACCENT_COLOR_NAME = AccentColor;
				CODE_SIGN_STYLE = Automatic;
				CURRENT_PROJECT_VERSION = 1;
				DEVELOPMENT_ASSET_PATHS = "\"adopti/Preview Content\"";
				DEVELOPMENT_TEAM = 9F55972V7L;
				ENABLE_PREVIEWS = YES;
				GENERATE_INFOPLIST_FILE = YES;
				INFOPLIST_FILE = adopti/Info.plist;
				INFOPLIST_KEY_UIApplicationSceneManifest_Generation = YES;
				INFOPLIST_KEY_UIApplicationSupportsIndirectInputEvents = YES;
				INFOPLIST_KEY_UILaunchScreen_Generation = YES;
				INFOPLIST_KEY_UISupportedInterfaceOrientations_iPad = "UIInterfaceOrientationPortrait UIInterfaceOrientationPortraitUpsideDown UIInterfaceOrientationLandscapeLeft UIInterfaceOrientationLandscapeRight";
				INFOPLIST_KEY_UISupportedInterfaceOrientations_iPhone = "UIInterfaceOrientationPortrait UIInterfaceOrientationLandscapeLeft UIInterfaceOrientationLandscapeRight";
				LD_RUNPATH_SEARCH_PATHS = (
					"$(inherited)",
					"@executable_path/Frameworks",
				);
				MARKETING_VERSION = 1.0;
				PRODUCT_BUNDLE_IDENTIFIER = co..adopti;
				PRODUCT_NAME = "$(TARGET_NAME)";
				SWIFT_EMIT_LOC_STRINGS = YES;
				SWIFT_VERSION = 5.0;
				TARGETED_DEVICE_FAMILY = "1,2";
			};
			name = Release;
		};
		A8D17815287F55D900F64D10 /* Debug */ = {
			isa = XCBuildConfiguration;
			buildSettings = {
				ALWAYS_EMBED_SWIFT_STANDARD_LIBRARIES = YES;
				BUNDLE_LOADER = "$(TEST_HOST)";
				CODE_SIGN_STYLE = Automatic;
				CURRENT_PROJECT_VERSION = 1;
				DEVELOPMENT_TEAM = 9F55972V7L;
				GENERATE_INFOPLIST_FILE = YES;
				IPHONEOS_DEPLOYMENT_TARGET = 15.5;
				MARKETING_VERSION = 1.0;
				PRODUCT_BUNDLE_IDENTIFIER = co..adoptiTests;
				PRODUCT_NAME = "$(TARGET_NAME)";
				SWIFT_EMIT_LOC_STRINGS = NO;
				SWIFT_VERSION = 5.0;
				TARGETED_DEVICE_FAMILY = "1,2";
				TEST_HOST = "$(BUILT_PRODUCTS_DIR)/adopti.app/adopti";
			};
			name = Debug;
		};
		A8D17816287F55D900F64D10 /* Release */ = {
			isa = XCBuildConfiguration;
			buildSettings = {
				ALWAYS_EMBED_SWIFT_STANDARD_LIBRARIES = YES;
				BUNDLE_LOADER = "$(TEST_HOST)";
				CODE_SIGN_STYLE = Automatic;
				CURRENT_PROJECT_VERSION = 1;
				DEVELOPMENT_TEAM = 9F55972V7L;
				GENERATE_INFOPLIST_FILE = YES;
				IPHONEOS_DEPLOYMENT_TARGET = 15.5;
				MARKETING_VERSION = 1.0;
				PRODUCT_BUNDLE_IDENTIFIER = co..adoptiTests;
				PRODUCT_NAME = "$(TARGET_NAME)";
				SWIFT_EMIT_LOC_STRINGS = NO;
				SWIFT_VERSION = 5.0;
				TARGETED_DEVICE_FAMILY = "1,2";
				TEST_HOST = "$(BUILT_PRODUCTS_DIR)/adopti.app/adopti";
			};
			name = Release;
		};
		A8D17818287F55D900F64D10 /* Debug */ = {
			isa = XCBuildConfiguration;
			buildSettings = {
				ALWAYS_EMBED_SWIFT_STANDARD_LIBRARIES = YES;
				CODE_SIGN_STYLE = Automatic;
				CURRENT_PROJECT_VERSION = 1;
				DEVELOPMENT_TEAM = 9F55972V7L;
				GENERATE_INFOPLIST_FILE = YES;
				MARKETING_VERSION = 1.0;
				PRODUCT_BUNDLE_IDENTIFIER = co..adoptiUITests;
				PRODUCT_NAME = "$(TARGET_NAME)";
				SWIFT_EMIT_LOC_STRINGS = NO;
				SWIFT_VERSION = 5.0;
				TARGETED_DEVICE_FAMILY = "1,2";
				TEST_TARGET_NAME = adopti;
			};
			name = Debug;
		};
		A8D17819287F55D900F64D10 /* Release */ = {
			isa = XCBuildConfiguration;
			buildSettings = {
				ALWAYS_EMBED_SWIFT_STANDARD_LIBRARIES = YES;
				CODE_SIGN_STYLE = Automatic;
				CURRENT_PROJECT_VERSION = 1;
				DEVELOPMENT_TEAM = 9F55972V7L;
				GENERATE_INFOPLIST_FILE = YES;
				MARKETING_VERSION = 1.0;
				PRODUCT_BUNDLE_IDENTIFIER = co..adoptiUITests;
				PRODUCT_NAME = "$(TARGET_NAME)";
				SWIFT_EMIT_LOC_STRINGS = NO;
				SWIFT_VERSION = 5.0;
				TARGETED_DEVICE_FAMILY = "1,2";
				TEST_TARGET_NAME = adopti;
			};
			name = Release;
		};
/* End XCBuildConfiguration section */

/* Begin XCConfigurationList section */
		A8D177E3287F55D700F64D10 /* Build configuration list for PBXProject "adopti" */ = {
			isa = XCConfigurationList;
			buildConfigurations = (
				A8D1780F287F55D900F64D10 /* Debug */,
				A8D17810287F55D900F64D10 /* Release */,
			);
			defaultConfigurationIsVisible = 0;
			defaultConfigurationName = Release;
		};
		A8D17811287F55D900F64D10 /* Build configuration list for PBXNativeTarget "adopti" */ = {
			isa = XCConfigurationList;
			buildConfigurations = (
				A8D17812287F55D900F64D10 /* Debug */,
				A8D17813287F55D900F64D10 /* Release */,
			);
			defaultConfigurationIsVisible = 0;
			defaultConfigurationName = Release;
		};
		A8D17814287F55D900F64D10 /* Build configuration list for PBXNativeTarget "adoptiTests" */ = {
			isa = XCConfigurationList;
			buildConfigurations = (
				A8D17815287F55D900F64D10 /* Debug */,
				A8D17816287F55D900F64D10 /* Release */,
			);
			defaultConfigurationIsVisible = 0;
			defaultConfigurationName = Release;
		};
		A8D17817287F55D900F64D10 /* Build configuration list for PBXNativeTarget "adoptiUITests" */ = {
			isa = XCConfigurationList;
			buildConfigurations = (
				A8D17818287F55D900F64D10 /* Debug */,
				A8D17819287F55D900F64D10 /* Release */,
			);
			defaultConfigurationIsVisible = 0;
			defaultConfigurationName = Release;
		};
/* End XCConfigurationList section */

/* Begin XCVersionGroup section */
		A8D177F6287F55D900F64D10 /* adopti.xcdatamodeld */ = {
			isa = XCVersionGroup;
			children = (
				A8D177F7287F55D900F64D10 /* adopti.xcdatamodel */,
			);
			currentVersion = A8D177F7287F55D900F64D10 /* adopti.xcdatamodel */;
			path = adopti.xcdatamodeld;
			sourceTree = "<group>";
			versionGroupType = wrapper.xcdatamodel;
		};
/* End XCVersionGroup section */
	};
	rootObject = A8D177E0287F55D700F64D10 /* Project object */;
}
